// !$*UTF8*$!
{
	archiveVersion = 1;
	classes = {
	};
	objectVersion = 50;
	objects = {

/* Begin PBXBuildFile section */
		3B305BAB2666390200456736 /* AppDelegate.swift in Sources */ = {isa = PBXBuildFile; fileRef = 3B305BAA2666390200456736 /* AppDelegate.swift */; };
		3B305BAD2666390200456736 /* SceneDelegate.swift in Sources */ = {isa = PBXBuildFile; fileRef = 3B305BAC2666390200456736 /* SceneDelegate.swift */; };
		3B305BB42666390500456736 /* Assets.xcassets in Resources */ = {isa = PBXBuildFile; fileRef = 3B305BB32666390500456736 /* Assets.xcassets */; };
		3B305BB72666390500456736 /* LaunchScreen.storyboard in Resources */ = {isa = PBXBuildFile; fileRef = 3B305BB52666390500456736 /* LaunchScreen.storyboard */; };
		3B305BC126663CA700456736 /* TabBarVC.swift in Sources */ = {isa = PBXBuildFile; fileRef = 3B305BC026663CA700456736 /* TabBarVC.swift */; };
		3B305BC426663DAD00456736 /* Constants.swift in Sources */ = {isa = PBXBuildFile; fileRef = 3B305BC326663DAD00456736 /* Constants.swift */; };
		3B305BC626663F0E00456736 /* DriversVC.swift in Sources */ = {isa = PBXBuildFile; fileRef = 3B305BC526663F0E00456736 /* DriversVC.swift */; };
		3B305BC8266641E300456736 /* RaceDetailsVC.swift in Sources */ = {isa = PBXBuildFile; fileRef = 3B305BC7266641E300456736 /* RaceDetailsVC.swift */; };
		3B305BCB2666463600456736 /* ErgastAPI.swift in Sources */ = {isa = PBXBuildFile; fileRef = 3B305BCA2666463600456736 /* ErgastAPI.swift */; };
		3B305BCE26664E8100456736 /* JSONResponse.swift in Sources */ = {isa = PBXBuildFile; fileRef = 3B305BCD26664E8100456736 /* JSONResponse.swift */; };
		3B305BD32666A13900456736 /* UITableViewCellExt.swift in Sources */ = {isa = PBXBuildFile; fileRef = 3B305BD22666A13900456736 /* UITableViewCellExt.swift */; };
		3B305BD72667A9F100456736 /* WebPageVC.swift in Sources */ = {isa = PBXBuildFile; fileRef = 3B305BD62667A9F100456736 /* WebPageVC.swift */; };
/* End PBXBuildFile section */

/* Begin PBXFileReference section */
		3B305BA72666390200456736 /* Formula1.app */ = {isa = PBXFileReference; explicitFileType = wrapper.application; includeInIndex = 0; path = Formula1.app; sourceTree = BUILT_PRODUCTS_DIR; };
		3B305BAA2666390200456736 /* AppDelegate.swift */ = {isa = PBXFileReference; lastKnownFileType = sourcecode.swift; path = AppDelegate.swift; sourceTree = "<group>"; };
		3B305BAC2666390200456736 /* SceneDelegate.swift */ = {isa = PBXFileReference; lastKnownFileType = sourcecode.swift; path = SceneDelegate.swift; sourceTree = "<group>"; };
		3B305BB32666390500456736 /* Assets.xcassets */ = {isa = PBXFileReference; lastKnownFileType = folder.assetcatalog; path = Assets.xcassets; sourceTree = "<group>"; };
		3B305BB62666390500456736 /* Base */ = {isa = PBXFileReference; lastKnownFileType = file.storyboard; name = Base; path = Base.lproj/LaunchScreen.storyboard; sourceTree = "<group>"; };
		3B305BB82666390500456736 /* Info.plist */ = {isa = PBXFileReference; lastKnownFileType = text.plist.xml; path = Info.plist; sourceTree = "<group>"; };
		3B305BC026663CA700456736 /* TabBarVC.swift */ = {isa = PBXFileReference; lastKnownFileType = sourcecode.swift; path = TabBarVC.swift; sourceTree = "<group>"; };
		3B305BC326663DAD00456736 /* Constants.swift */ = {isa = PBXFileReference; lastKnownFileType = sourcecode.swift; path = Constants.swift; sourceTree = "<group>"; };
		3B305BC526663F0E00456736 /* DriversVC.swift */ = {isa = PBXFileReference; lastKnownFileType = sourcecode.swift; path = DriversVC.swift; sourceTree = "<group>"; };
		3B305BC7266641E300456736 /* RaceDetailsVC.swift */ = {isa = PBXFileReference; lastKnownFileType = sourcecode.swift; path = RaceDetailsVC.swift; sourceTree = "<group>"; };
		3B305BCA2666463600456736 /* ErgastAPI.swift */ = {isa = PBXFileReference; lastKnownFileType = sourcecode.swift; path = ErgastAPI.swift; sourceTree = "<group>"; };
		3B305BCD26664E8100456736 /* JSONResponse.swift */ = {isa = PBXFileReference; lastKnownFileType = sourcecode.swift; path = JSONResponse.swift; sourceTree = "<group>"; };
		3B305BD22666A13900456736 /* UITableViewCellExt.swift */ = {isa = PBXFileReference; lastKnownFileType = sourcecode.swift; path = UITableViewCellExt.swift; sourceTree = "<group>"; };
		3B305BD62667A9F100456736 /* WebPageVC.swift */ = {isa = PBXFileReference; lastKnownFileType = sourcecode.swift; path = WebPageVC.swift; sourceTree = "<group>"; };
/* End PBXFileReference section */

/* Begin PBXFrameworksBuildPhase section */
		3B305BA42666390200456736 /* Frameworks */ = {
			isa = PBXFrameworksBuildPhase;
			buildActionMask = 2147483647;
			files = (
			);
			runOnlyForDeploymentPostprocessing = 0;
		};
/* End PBXFrameworksBuildPhase section */

/* Begin PBXGroup section */
		3B305B9E2666390200456736 = {
			isa = PBXGroup;
			children = (
				3B305BA92666390200456736 /* Formula1 */,
				3B305BA82666390200456736 /* Products */,
			);
			sourceTree = "<group>";
		};
		3B305BA82666390200456736 /* Products */ = {
			isa = PBXGroup;
			children = (
				3B305BA72666390200456736 /* Formula1.app */,
			);
			name = Products;
			sourceTree = "<group>";
		};
		3B305BA92666390200456736 /* Formula1 */ = {
			isa = PBXGroup;
			children = (
				3B305BAA2666390200456736 /* AppDelegate.swift */,
				3B305BAC2666390200456736 /* SceneDelegate.swift */,
				3B305BB82666390500456736 /* Info.plist */,
				3B305BC92666461E00456736 /* API */,
				3B305BCC266647DF00456736 /* Models */,
				3B305BBE266639DF00456736 /* View Controllers */,
				3B305BBF26663A0500456736 /* Resources */,
				3B305BD12666A12000456736 /* Extensions */,
				3B305BC226663D9B00456736 /* Utillities */,
			);
			path = Formula1;
			sourceTree = "<group>";
		};
		3B305BBE266639DF00456736 /* View Controllers */ = {
			isa = PBXGroup;
			children = (
				3B305BC026663CA700456736 /* TabBarVC.swift */,
				3B305BC7266641E300456736 /* RaceDetailsVC.swift */,
				3B305BD62667A9F100456736 /* WebPageVC.swift */,
				3B305BC526663F0E00456736 /* DriversVC.swift */,
			);
			path = "View Controllers";
			sourceTree = "<group>";
		};
		3B305BBF26663A0500456736 /* Resources */ = {
			isa = PBXGroup;
			children = (
				3B305BB32666390500456736 /* Assets.xcassets */,
				3B305BB52666390500456736 /* LaunchScreen.storyboard */,
			);
			path = Resources;
			sourceTree = "<group>";
		};
		3B305BC226663D9B00456736 /* Utillities */ = {
			isa = PBXGroup;
			children = (
				3B305BC326663DAD00456736 /* Constants.swift */,
			);
			path = Utillities;
			sourceTree = "<group>";
		};
		3B305BC92666461E00456736 /* API */ = {
			isa = PBXGroup;
			children = (
				3B305BCA2666463600456736 /* ErgastAPI.swift */,
			);
			path = API;
			sourceTree = "<group>";
		};
		3B305BCC266647DF00456736 /* Models */ = {
			isa = PBXGroup;
			children = (
				3B305BCD26664E8100456736 /* JSONResponse.swift */,
			);
			path = Models;
			sourceTree = "<group>";
		};
		3B305BD12666A12000456736 /* Extensions */ = {
			isa = PBXGroup;
			children = (
				3B305BD22666A13900456736 /* UITableViewCellExt.swift */,
			);
			path = Extensions;
			sourceTree = "<group>";
		};
/* End PBXGroup section */

/* Begin PBXNativeTarget section */
		3B305BA62666390200456736 /* Formula1 */ = {
			isa = PBXNativeTarget;
			buildConfigurationList = 3B305BBB2666390500456736 /* Build configuration list for PBXNativeTarget "Formula1" */;
			buildPhases = (
				3B305BA32666390200456736 /* Sources */,
				3B305BA42666390200456736 /* Frameworks */,
				3B305BA52666390200456736 /* Resources */,
				3B305BDB266847A600456736 /* ShellScript */,
			);
			buildRules = (
			);
			dependencies = (
			);
			name = Formula1;
			productName = Formula1;
			productReference = 3B305BA72666390200456736 /* Formula1.app */;
			productType = "com.apple.product-type.application";
		};
/* End PBXNativeTarget section */

/* Begin PBXProject section */
		3B305B9F2666390200456736 /* Project object */ = {
			isa = PBXProject;
			attributes = {
				LastSwiftUpdateCheck = 1250;
				LastUpgradeCheck = 1250;
				TargetAttributes = {
					3B305BA62666390200456736 = {
						CreatedOnToolsVersion = 12.5;
					};
				};
			};
			buildConfigurationList = 3B305BA22666390200456736 /* Build configuration list for PBXProject "Formula1" */;
			compatibilityVersion = "Xcode 9.3";
			developmentRegion = en;
			hasScannedForEncodings = 0;
			knownRegions = (
				en,
				Base,
			);
			mainGroup = 3B305B9E2666390200456736;
			productRefGroup = 3B305BA82666390200456736 /* Products */;
			projectDirPath = "";
			projectRoot = "";
			targets = (
				3B305BA62666390200456736 /* Formula1 */,
			);
		};
/* End PBXProject section */

/* Begin PBXResourcesBuildPhase section */
		3B305BA52666390200456736 /* Resources */ = {
			isa = PBXResourcesBuildPhase;
			buildActionMask = 2147483647;
			files = (
				3B305BB72666390500456736 /* LaunchScreen.storyboard in Resources */,
				3B305BB42666390500456736 /* Assets.xcassets in Resources */,
			);
			runOnlyForDeploymentPostprocessing = 0;
		};
/* End PBXResourcesBuildPhase section */

/* Begin PBXShellScriptBuildPhase section */
		3B305BDB266847A600456736 /* ShellScript */ = {
			isa = PBXShellScriptBuildPhase;
			buildActionMask = 2147483647;
			files = (
			);
			inputFileListPaths = (
			);
			inputPaths = (
			);
			outputFileListPaths = (
			);
			outputPaths = (
			);
			runOnlyForDeploymentPostprocessing = 0;
			shellPath = /bin/sh;
			shellScript = "if which swiftlint >/dev/null; then\n  swiftlint\nelse\n  echo \"warning: SwiftLint not installed, download from https://github.com/realm/SwiftLint\"\nfi\n";
		};
/* End PBXShellScriptBuildPhase section */

/* Begin PBXSourcesBuildPhase section */
		3B305BA32666390200456736 /* Sources */ = {
			isa = PBXSourcesBuildPhase;
			buildActionMask = 2147483647;
			files = (
				3B305BD72667A9F100456736 /* WebPageVC.swift in Sources */,
				3B305BC426663DAD00456736 /* Constants.swift in Sources */,
				3B305BC626663F0E00456736 /* DriversVC.swift in Sources */,
				3B305BD32666A13900456736 /* UITableViewCellExt.swift in Sources */,
				3B305BAB2666390200456736 /* AppDelegate.swift in Sources */,
				3B305BCE26664E8100456736 /* JSONResponse.swift in Sources */,
				3B305BCB2666463600456736 /* ErgastAPI.swift in Sources */,
				3B305BC126663CA700456736 /* TabBarVC.swift in Sources */,
				3B305BC8266641E300456736 /* RaceDetailsVC.swift in Sources */,
				3B305BAD2666390200456736 /* SceneDelegate.swift in Sources */,
			);
			runOnlyForDeploymentPostprocessing = 0;
		};
/* End PBXSourcesBuildPhase section */

/* Begin PBXVariantGroup section */
		3B305BB52666390500456736 /* LaunchScreen.storyboard */ = {
			isa = PBXVariantGroup;
			children = (
				3B305BB62666390500456736 /* Base */,
			);
			name = LaunchScreen.storyboard;
			sourceTree = "<group>";
		};
/* End PBXVariantGroup section */

/* Begin XCBuildConfiguration section */
		3B305BB92666390500456736 /* Debug */ = {
			isa = XCBuildConfiguration;
			buildSettings = {
				ALWAYS_SEARCH_USER_PATHS = NO;
				CLANG_ANALYZER_NONNULL = YES;
				CLANG_ANALYZER_NUMBER_OBJECT_CONVERSION = YES_AGGRESSIVE;
				CLANG_CXX_LANGUAGE_STANDARD = "gnu++14";
				CLANG_CXX_LIBRARY = "libc++";
				CLANG_ENABLE_MODULES = YES;
				CLANG_ENABLE_OBJC_ARC = YES;
				CLANG_ENABLE_OBJC_WEAK = YES;
				CLANG_WARN_BLOCK_CAPTURE_AUTORELEASING = YES;
				CLANG_WARN_BOOL_CONVERSION = YES;
				CLANG_WARN_COMMA = YES;
				CLANG_WARN_CONSTANT_CONVERSION = YES;
				CLANG_WARN_DEPRECATED_OBJC_IMPLEMENTATIONS = YES;
				CLANG_WARN_DIRECT_OBJC_ISA_USAGE = YES_ERROR;
				CLANG_WARN_DOCUMENTATION_COMMENTS = YES;
				CLANG_WARN_EMPTY_BODY = YES;
				CLANG_WARN_ENUM_CONVERSION = YES;
				CLANG_WARN_INFINITE_RECURSION = YES;
				CLANG_WARN_INT_CONVERSION = YES;
				CLANG_WARN_NON_LITERAL_NULL_CONVERSION = YES;
				CLANG_WARN_OBJC_IMPLICIT_RETAIN_SELF = YES;
				CLANG_WARN_OBJC_LITERAL_CONVERSION = YES;
				CLANG_WARN_OBJC_ROOT_CLASS = YES_ERROR;
				CLANG_WARN_QUOTED_INCLUDE_IN_FRAMEWORK_HEADER = YES;
				CLANG_WARN_RANGE_LOOP_ANALYSIS = YES;
				CLANG_WARN_STRICT_PROTOTYPES = YES;
				CLANG_WARN_SUSPICIOUS_MOVE = YES;
				CLANG_WARN_UNGUARDED_AVAILABILITY = YES_AGGRESSIVE;
				CLANG_WARN_UNREACHABLE_CODE = YES;
				CLANG_WARN__DUPLICATE_METHOD_MATCH = YES;
				COPY_PHASE_STRIP = NO;
				DEBUG_INFORMATION_FORMAT = dwarf;
				ENABLE_STRICT_OBJC_MSGSEND = YES;
				ENABLE_TESTABILITY = YES;
				GCC_C_LANGUAGE_STANDARD = gnu11;
				GCC_DYNAMIC_NO_PIC = NO;
				GCC_NO_COMMON_BLOCKS = YES;
				GCC_OPTIMIZATION_LEVEL = 0;
				GCC_PREPROCESSOR_DEFINITIONS = (
					"DEBUG=1",
					"$(inherited)",
				);
				GCC_WARN_64_TO_32_BIT_CONVERSION = YES;
				GCC_WARN_ABOUT_RETURN_TYPE = YES_ERROR;
				GCC_WARN_UNDECLARED_SELECTOR = YES;
				GCC_WARN_UNINITIALIZED_AUTOS = YES_AGGRESSIVE;
				GCC_WARN_UNUSED_FUNCTION = YES;
				GCC_WARN_UNUSED_VARIABLE = YES;
				IPHONEOS_DEPLOYMENT_TARGET = 14.5;
				MTL_ENABLE_DEBUG_INFO = INCLUDE_SOURCE;
				MTL_FAST_MATH = YES;
				ONLY_ACTIVE_ARCH = YES;
				SDKROOT = iphoneos;
				SWIFT_ACTIVE_COMPILATION_CONDITIONS = DEBUG;
				SWIFT_OPTIMIZATION_LEVEL = "-Onone";
			};
			name = Debug;
		};
		3B305BBA2666390500456736 /* Release */ = {
			isa = XCBuildConfiguration;
			buildSettings = {
				ALWAYS_SEARCH_USER_PATHS = NO;
				CLANG_ANALYZER_NONNULL = YES;
				CLANG_ANALYZER_NUMBER_OBJECT_CONVERSION = YES_AGGRESSIVE;
				CLANG_CXX_LANGUAGE_STANDARD = "gnu++14";
				CLANG_CXX_LIBRARY = "libc++";
				CLANG_ENABLE_MODULES = YES;
				CLANG_ENABLE_OBJC_ARC = YES;
				CLANG_ENABLE_OBJC_WEAK = YES;
				CLANG_WARN_BLOCK_CAPTURE_AUTORELEASING = YES;
				CLANG_WARN_BOOL_CONVERSION = YES;
				CLANG_WARN_COMMA = YES;
				CLANG_WARN_CONSTANT_CONVERSION = YES;
				CLANG_WARN_DEPRECATED_OBJC_IMPLEMENTATIONS = YES;
				CLANG_WARN_DIRECT_OBJC_ISA_USAGE = YES_ERROR;
				CLANG_WARN_DOCUMENTATION_COMMENTS = YES;
				CLANG_WARN_EMPTY_BODY = YES;
				CLANG_WARN_ENUM_CONVERSION = YES;
				CLANG_WARN_INFINITE_RECURSION = YES;
				CLANG_WARN_INT_CONVERSION = YES;
				CLANG_WARN_NON_LITERAL_NULL_CONVERSION = YES;
				CLANG_WARN_OBJC_IMPLICIT_RETAIN_SELF = YES;
				CLANG_WARN_OBJC_LITERAL_CONVERSION = YES;
				CLANG_WARN_OBJC_ROOT_CLASS = YES_ERROR;
				CLANG_WARN_QUOTED_INCLUDE_IN_FRAMEWORK_HEADER = YES;
				CLANG_WARN_RANGE_LOOP_ANALYSIS = YES;
				CLANG_WARN_STRICT_PROTOTYPES = YES;
				CLANG_WARN_SUSPICIOUS_MOVE = YES;
				CLANG_WARN_UNGUARDED_AVAILABILITY = YES_AGGRESSIVE;
				CLANG_WARN_UNREACHABLE_CODE = YES;
				CLANG_WARN__DUPLICATE_METHOD_MATCH = YES;
				COPY_PHASE_STRIP = NO;
				DEBUG_INFORMATION_FORMAT = "dwarf-with-dsym";
				ENABLE_NS_ASSERTIONS = NO;
				ENABLE_STRICT_OBJC_MSGSEND = YES;
				GCC_C_LANGUAGE_STANDARD = gnu11;
				GCC_NO_COMMON_BLOCKS = YES;
				GCC_WARN_64_TO_32_BIT_CONVERSION = YES;
				GCC_WARN_ABOUT_RETURN_TYPE = YES_ERROR;
				GCC_WARN_UNDECLARED_SELECTOR = YES;
				GCC_WARN_UNINITIALIZED_AUTOS = YES_AGGRESSIVE;
				GCC_WARN_UNUSED_FUNCTION = YES;
				GCC_WARN_UNUSED_VARIABLE = YES;
				IPHONEOS_DEPLOYMENT_TARGET = 14.5;
				MTL_ENABLE_DEBUG_INFO = NO;
				MTL_FAST_MATH = YES;
				SDKROOT = iphoneos;
				SWIFT_COMPILATION_MODE = wholemodule;
				SWIFT_OPTIMIZATION_LEVEL = "-O";
				VALIDATE_PRODUCT = YES;
			};
			name = Release;
		};
		3B305BBC2666390500456736 /* Debug */ = {
			isa = XCBuildConfiguration;
			buildSettings = {
				ASSETCATALOG_COMPILER_APPICON_NAME = AppIcon;
				ASSETCATALOG_COMPILER_GLOBAL_ACCENT_COLOR_NAME = AccentColor;
				CODE_SIGN_STYLE = Automatic;
				DEVELOPMENT_TEAM = F4VVSWVF6W;
				INFOPLIST_FILE = Formula1/Info.plist;
				LD_RUNPATH_SEARCH_PATHS = (
					"$(inherited)",
					"@executable_path/Frameworks",
				);
				PRODUCT_BUNDLE_IDENTIFIER = com.daniilkim.Formula1;
				PRODUCT_NAME = "$(TARGET_NAME)";
				SWIFT_VERSION = 5.0;
				TARGETED_DEVICE_FAMILY = "1,2";
			};
			name = Debug;
		};
		3B305BBD2666390500456736 /* Release */ = {
			isa = XCBuildConfiguration;
			buildSettings = {
				ASSETCATALOG_COMPILER_APPICON_NAME = AppIcon;
				ASSETCATALOG_COMPILER_GLOBAL_ACCENT_COLOR_NAME = AccentColor;
				CODE_SIGN_STYLE = Automatic;
				DEVELOPMENT_TEAM = F4VVSWVF6W;
				INFOPLIST_FILE = Formula1/Info.plist;
				LD_RUNPATH_SEARCH_PATHS = (
					"$(inherited)",
					"@executable_path/Frameworks",
				);
				PRODUCT_BUNDLE_IDENTIFIER = com.daniilkim.Formula1;
				PRODUCT_NAME = "$(TARGET_NAME)";
				SWIFT_VERSION = 5.0;
				TARGETED_DEVICE_FAMILY = "1,2";
			};
			name = Release;
		};
/* End XCBuildConfiguration section */

/* Begin XCConfigurationList section */
		3B305BA22666390200456736 /* Build configuration list for PBXProject "Formula1" */ = {
			isa = XCConfigurationList;
			buildConfigurations = (
				3B305BB92666390500456736 /* Debug */,
				3B305BBA2666390500456736 /* Release */,
			);
			defaultConfigurationIsVisible = 0;
			defaultConfigurationName = Release;
		};
		3B305BBB2666390500456736 /* Build configuration list for PBXNativeTarget "Formula1" */ = {
			isa = XCConfigurationList;
			buildConfigurations = (
				3B305BBC2666390500456736 /* Debug */,
				3B305BBD2666390500456736 /* Release */,
			);
			defaultConfigurationIsVisible = 0;
			defaultConfigurationName = Release;
		};
/* End XCConfigurationList section */
	};
	rootObject = 3B305B9F2666390200456736 /* Project object */;
}
